// !$*UTF8*$!
{
	archiveVersion = 1;
	classes = {
	};
	objectVersion = 56;
	objects = {

/* Begin PBXBuildFile section */
		D606519A2C073E1A0009F4E5 /* SpeedmeterStyle.swift in Sources */ = {isa = PBXBuildFile; fileRef = D60651992C073E1A0009F4E5 /* SpeedmeterStyle.swift */; };
		D606519C2C073E370009F4E5 /* SpeedMeterView.swift in Sources */ = {isa = PBXBuildFile; fileRef = D606519B2C073E370009F4E5 /* SpeedMeterView.swift */; };
		D606519E2C073FFD0009F4E5 /* Triangle.swift in Sources */ = {isa = PBXBuildFile; fileRef = D606519D2C073FFD0009F4E5 /* Triangle.swift */; };
		D68BCAEF2C3AA61600591CC6 /* ProgressView.swift in Sources */ = {isa = PBXBuildFile; fileRef = D68BCAEE2C3AA61600591CC6 /* ProgressView.swift */; };
		D68BCAF32C47D10800591CC6 /* runner.gif in Resources */ = {isa = PBXBuildFile; fileRef = D68BCAF22C47D10800591CC6 /* runner.gif */; };
		D68BCB082C4A6B3300591CC6 /* runner (1_17).png in Resources */ = {isa = PBXBuildFile; fileRef = D68BCAF42C4A6B3200591CC6 /* runner (1_17).png */; };
		D68BCB092C4A6B3300591CC6 /* runner (1_3).png in Resources */ = {isa = PBXBuildFile; fileRef = D68BCAF52C4A6B3200591CC6 /* runner (1_3).png */; };
		D68BCB0A2C4A6B3300591CC6 /* runner (1_6).png in Resources */ = {isa = PBXBuildFile; fileRef = D68BCAF62C4A6B3200591CC6 /* runner (1_6).png */; };
		D68BCB0B2C4A6B3300591CC6 /* runner (1_5).png in Resources */ = {isa = PBXBuildFile; fileRef = D68BCAF72C4A6B3200591CC6 /* runner (1_5).png */; };
		D68BCB0C2C4A6B3300591CC6 /* runner (1_4).png in Resources */ = {isa = PBXBuildFile; fileRef = D68BCAF82C4A6B3200591CC6 /* runner (1_4).png */; };
		D68BCB0D2C4A6B3300591CC6 /* runner (1_15).png in Resources */ = {isa = PBXBuildFile; fileRef = D68BCAF92C4A6B3200591CC6 /* runner (1_15).png */; };
		D68BCB0E2C4A6B3300591CC6 /* runner (1_16).png in Resources */ = {isa = PBXBuildFile; fileRef = D68BCAFA2C4A6B3200591CC6 /* runner (1_16).png */; };
		D68BCB0F2C4A6B3300591CC6 /* runner (1_18).png in Resources */ = {isa = PBXBuildFile; fileRef = D68BCAFB2C4A6B3200591CC6 /* runner (1_18).png */; };
		D68BCB102C4A6B3300591CC6 /* runner (1_19).png in Resources */ = {isa = PBXBuildFile; fileRef = D68BCAFC2C4A6B3300591CC6 /* runner (1_19).png */; };
		D68BCB112C4A6B3300591CC6 /* runner (1_9).png in Resources */ = {isa = PBXBuildFile; fileRef = D68BCAFD2C4A6B3300591CC6 /* runner (1_9).png */; };
		D68BCB122C4A6B3300591CC6 /* runner (1_8).png in Resources */ = {isa = PBXBuildFile; fileRef = D68BCAFE2C4A6B3300591CC6 /* runner (1_8).png */; };
		D68BCB132C4A6B3300591CC6 /* runner (1_12).png in Resources */ = {isa = PBXBuildFile; fileRef = D68BCAFF2C4A6B3300591CC6 /* runner (1_12).png */; };
		D68BCB142C4A6B3300591CC6 /* runner (1_14).png in Resources */ = {isa = PBXBuildFile; fileRef = D68BCB002C4A6B3300591CC6 /* runner (1_14).png */; };
		D68BCB152C4A6B3300591CC6 /* runner (1_11).png in Resources */ = {isa = PBXBuildFile; fileRef = D68BCB012C4A6B3300591CC6 /* runner (1_11).png */; };
		D68BCB162C4A6B3300591CC6 /* runner (1_20).png in Resources */ = {isa = PBXBuildFile; fileRef = D68BCB022C4A6B3300591CC6 /* runner (1_20).png */; };
		D68BCB172C4A6B3300591CC6 /* runner (1_7).png in Resources */ = {isa = PBXBuildFile; fileRef = D68BCB032C4A6B3300591CC6 /* runner (1_7).png */; };
		D68BCB182C4A6B3300591CC6 /* runner (1_10).png in Resources */ = {isa = PBXBuildFile; fileRef = D68BCB042C4A6B3300591CC6 /* runner (1_10).png */; };
		D68BCB192C4A6B3300591CC6 /* runner (1_2).png in Resources */ = {isa = PBXBuildFile; fileRef = D68BCB052C4A6B3300591CC6 /* runner (1_2).png */; };
		D68BCB1A2C4A6B3300591CC6 /* runner (1_13).png in Resources */ = {isa = PBXBuildFile; fileRef = D68BCB062C4A6B3300591CC6 /* runner (1_13).png */; };
		D68BCB1B2C4A6B3300591CC6 /* runner (1_1).png in Resources */ = {isa = PBXBuildFile; fileRef = D68BCB072C4A6B3300591CC6 /* runner (1_1).png */; };
		D6CBD0F72C061B3C0038466A /* SwiftTestApp.swift in Sources */ = {isa = PBXBuildFile; fileRef = D6CBD0F62C061B3C0038466A /* SwiftTestApp.swift */; };
		D6CBD0F92C061B3C0038466A /* ContentView.swift in Sources */ = {isa = PBXBuildFile; fileRef = D6CBD0F82C061B3C0038466A /* ContentView.swift */; };
		D6CBD0FB2C061B3D0038466A /* Assets.xcassets in Resources */ = {isa = PBXBuildFile; fileRef = D6CBD0FA2C061B3D0038466A /* Assets.xcassets */; };
		D6CBD0FE2C061B3D0038466A /* Preview Assets.xcassets in Resources */ = {isa = PBXBuildFile; fileRef = D6CBD0FD2C061B3D0038466A /* Preview Assets.xcassets */; };
		D6CBD1082C061B3D0038466A /* SwiftTestTests.swift in Sources */ = {isa = PBXBuildFile; fileRef = D6CBD1072C061B3D0038466A /* SwiftTestTests.swift */; };
		D6CBD1122C061B3D0038466A /* SwiftTestUITests.swift in Sources */ = {isa = PBXBuildFile; fileRef = D6CBD1112C061B3D0038466A /* SwiftTestUITests.swift */; };
		D6CBD1142C061B3D0038466A /* SwiftTestUITestsLaunchTests.swift in Sources */ = {isa = PBXBuildFile; fileRef = D6CBD1132C061B3D0038466A /* SwiftTestUITestsLaunchTests.swift */; };
		D6DCBB892C358A7F00231CAB /* SuperTabView.swift in Sources */ = {isa = PBXBuildFile; fileRef = D6DCBB882C358A7F00231CAB /* SuperTabView.swift */; };
		D6ED95ED2C13414D00210BCF /* MapSelectingView.swift in Sources */ = {isa = PBXBuildFile; fileRef = D6ED95EC2C13414D00210BCF /* MapSelectingView.swift */; };
		D6ED95EF2C134A2A00210BCF /* MapViewWithCross.swift in Sources */ = {isa = PBXBuildFile; fileRef = D6ED95EE2C134A2A00210BCF /* MapViewWithCross.swift */; };
		D6ED95F52C14B4DC00210BCF /* ConfigurationView.swift in Sources */ = {isa = PBXBuildFile; fileRef = D6ED95F42C14B4DC00210BCF /* ConfigurationView.swift */; };
		D6ED95F92C1533FC00210BCF /* DateTimer.swift in Sources */ = {isa = PBXBuildFile; fileRef = D6ED95F82C1533FC00210BCF /* DateTimer.swift */; };
		D6ED95FC2C15446000210BCF /* LocationManager.swift in Sources */ = {isa = PBXBuildFile; fileRef = D6ED95FB2C15446000210BCF /* LocationManager.swift */; };
		D6ED95FE2C1544A400210BCF /* SpeedViewModel.swift in Sources */ = {isa = PBXBuildFile; fileRef = D6ED95FD2C1544A400210BCF /* SpeedViewModel.swift */; };
		D6ED96032C1548FA00210BCF /* MapViewModel.swift in Sources */ = {isa = PBXBuildFile; fileRef = D6ED96022C1548FA00210BCF /* MapViewModel.swift */; };
		D6ED96072C15576600210BCF /* RouteViewModel.swift in Sources */ = {isa = PBXBuildFile; fileRef = D6ED96062C15576600210BCF /* RouteViewModel.swift */; };
		D6F4466C2C1EF6B300A7B06E /* SwiftyGif in Frameworks */ = {isa = PBXBuildFile; productRef = D6F4466B2C1EF6B300A7B06E /* SwiftyGif */; };
		D6F446712C1EFC9D00A7B06E /* GifUIView.swift in Sources */ = {isa = PBXBuildFile; fileRef = D6F446702C1EFC9D00A7B06E /* GifUIView.swift */; };
/* End PBXBuildFile section */

/* Begin PBXContainerItemProxy section */
		D6CBD1042C061B3D0038466A /* PBXContainerItemProxy */ = {
			isa = PBXContainerItemProxy;
			containerPortal = D6CBD0EB2C061B3C0038466A /* Project object */;
			proxyType = 1;
			remoteGlobalIDString = D6CBD0F22C061B3C0038466A;
			remoteInfo = SwiftTest;
		};
		D6CBD10E2C061B3D0038466A /* PBXContainerItemProxy */ = {
			isa = PBXContainerItemProxy;
			containerPortal = D6CBD0EB2C061B3C0038466A /* Project object */;
			proxyType = 1;
			remoteGlobalIDString = D6CBD0F22C061B3C0038466A;
			remoteInfo = SwiftTest;
		};
/* End PBXContainerItemProxy section */

/* Begin PBXFileReference section */
		D60651992C073E1A0009F4E5 /* SpeedmeterStyle.swift */ = {isa = PBXFileReference; lastKnownFileType = sourcecode.swift; path = SpeedmeterStyle.swift; sourceTree = "<group>"; };
		D606519B2C073E370009F4E5 /* SpeedMeterView.swift */ = {isa = PBXFileReference; lastKnownFileType = sourcecode.swift; path = SpeedMeterView.swift; sourceTree = "<group>"; };
		D606519D2C073FFD0009F4E5 /* Triangle.swift */ = {isa = PBXFileReference; lastKnownFileType = sourcecode.swift; path = Triangle.swift; sourceTree = "<group>"; };
		D68BCAEE2C3AA61600591CC6 /* ProgressView.swift */ = {isa = PBXFileReference; lastKnownFileType = sourcecode.swift; path = ProgressView.swift; sourceTree = "<group>"; };
		D68BCAF22C47D10800591CC6 /* runner.gif */ = {isa = PBXFileReference; lastKnownFileType = image.gif; path = runner.gif; sourceTree = "<group>"; };
		D68BCAF42C4A6B3200591CC6 /* runner (1_17).png */ = {isa = PBXFileReference; lastKnownFileType = image.png; path = "runner (1_17).png"; sourceTree = "<group>"; };
		D68BCAF52C4A6B3200591CC6 /* runner (1_3).png */ = {isa = PBXFileReference; lastKnownFileType = image.png; path = "runner (1_3).png"; sourceTree = "<group>"; };
		D68BCAF62C4A6B3200591CC6 /* runner (1_6).png */ = {isa = PBXFileReference; lastKnownFileType = image.png; path = "runner (1_6).png"; sourceTree = "<group>"; };
		D68BCAF72C4A6B3200591CC6 /* runner (1_5).png */ = {isa = PBXFileReference; lastKnownFileType = image.png; path = "runner (1_5).png"; sourceTree = "<group>"; };
		D68BCAF82C4A6B3200591CC6 /* runner (1_4).png */ = {isa = PBXFileReference; lastKnownFileType = image.png; path = "runner (1_4).png"; sourceTree = "<group>"; };
		D68BCAF92C4A6B3200591CC6 /* runner (1_15).png */ = {isa = PBXFileReference; lastKnownFileType = image.png; path = "runner (1_15).png"; sourceTree = "<group>"; };
		D68BCAFA2C4A6B3200591CC6 /* runner (1_16).png */ = {isa = PBXFileReference; lastKnownFileType = image.png; path = "runner (1_16).png"; sourceTree = "<group>"; };
		D68BCAFB2C4A6B3200591CC6 /* runner (1_18).png */ = {isa = PBXFileReference; lastKnownFileType = image.png; path = "runner (1_18).png"; sourceTree = "<group>"; };
		D68BCAFC2C4A6B3300591CC6 /* runner (1_19).png */ = {isa = PBXFileReference; lastKnownFileType = image.png; path = "runner (1_19).png"; sourceTree = "<group>"; };
		D68BCAFD2C4A6B3300591CC6 /* runner (1_9).png */ = {isa = PBXFileReference; lastKnownFileType = image.png; path = "runner (1_9).png"; sourceTree = "<group>"; };
		D68BCAFE2C4A6B3300591CC6 /* runner (1_8).png */ = {isa = PBXFileReference; lastKnownFileType = image.png; path = "runner (1_8).png"; sourceTree = "<group>"; };
		D68BCAFF2C4A6B3300591CC6 /* runner (1_12).png */ = {isa = PBXFileReference; lastKnownFileType = image.png; path = "runner (1_12).png"; sourceTree = "<group>"; };
		D68BCB002C4A6B3300591CC6 /* runner (1_14).png */ = {isa = PBXFileReference; lastKnownFileType = image.png; path = "runner (1_14).png"; sourceTree = "<group>"; };
		D68BCB012C4A6B3300591CC6 /* runner (1_11).png */ = {isa = PBXFileReference; lastKnownFileType = image.png; path = "runner (1_11).png"; sourceTree = "<group>"; };
		D68BCB022C4A6B3300591CC6 /* runner (1_20).png */ = {isa = PBXFileReference; lastKnownFileType = image.png; path = "runner (1_20).png"; sourceTree = "<group>"; };
		D68BCB032C4A6B3300591CC6 /* runner (1_7).png */ = {isa = PBXFileReference; lastKnownFileType = image.png; path = "runner (1_7).png"; sourceTree = "<group>"; };
		D68BCB042C4A6B3300591CC6 /* runner (1_10).png */ = {isa = PBXFileReference; lastKnownFileType = image.png; path = "runner (1_10).png"; sourceTree = "<group>"; };
		D68BCB052C4A6B3300591CC6 /* runner (1_2).png */ = {isa = PBXFileReference; lastKnownFileType = image.png; path = "runner (1_2).png"; sourceTree = "<group>"; };
		D68BCB062C4A6B3300591CC6 /* runner (1_13).png */ = {isa = PBXFileReference; lastKnownFileType = image.png; path = "runner (1_13).png"; sourceTree = "<group>"; };
		D68BCB072C4A6B3300591CC6 /* runner (1_1).png */ = {isa = PBXFileReference; lastKnownFileType = image.png; path = "runner (1_1).png"; sourceTree = "<group>"; };
		D6B525AE2C184F39004943DC /* Info.plist */ = {isa = PBXFileReference; lastKnownFileType = text.plist; path = Info.plist; sourceTree = "<group>"; };
		D6CBD0F32C061B3C0038466A /* SwiftTest.app */ = {isa = PBXFileReference; explicitFileType = wrapper.application; includeInIndex = 0; path = SwiftTest.app; sourceTree = BUILT_PRODUCTS_DIR; };
		D6CBD0F62C061B3C0038466A /* SwiftTestApp.swift */ = {isa = PBXFileReference; lastKnownFileType = sourcecode.swift; path = SwiftTestApp.swift; sourceTree = "<group>"; };
		D6CBD0F82C061B3C0038466A /* ContentView.swift */ = {isa = PBXFileReference; lastKnownFileType = sourcecode.swift; path = ContentView.swift; sourceTree = "<group>"; };
		D6CBD0FA2C061B3D0038466A /* Assets.xcassets */ = {isa = PBXFileReference; lastKnownFileType = folder.assetcatalog; path = Assets.xcassets; sourceTree = "<group>"; };
		D6CBD0FD2C061B3D0038466A /* Preview Assets.xcassets */ = {isa = PBXFileReference; lastKnownFileType = folder.assetcatalog; path = "Preview Assets.xcassets"; sourceTree = "<group>"; };
		D6CBD1032C061B3D0038466A /* SwiftTestTests.xctest */ = {isa = PBXFileReference; explicitFileType = wrapper.cfbundle; includeInIndex = 0; path = SwiftTestTests.xctest; sourceTree = BUILT_PRODUCTS_DIR; };
		D6CBD1072C061B3D0038466A /* SwiftTestTests.swift */ = {isa = PBXFileReference; lastKnownFileType = sourcecode.swift; path = SwiftTestTests.swift; sourceTree = "<group>"; };
		D6CBD10D2C061B3D0038466A /* SwiftTestUITests.xctest */ = {isa = PBXFileReference; explicitFileType = wrapper.cfbundle; includeInIndex = 0; path = SwiftTestUITests.xctest; sourceTree = BUILT_PRODUCTS_DIR; };
		D6CBD1112C061B3D0038466A /* SwiftTestUITests.swift */ = {isa = PBXFileReference; lastKnownFileType = sourcecode.swift; path = SwiftTestUITests.swift; sourceTree = "<group>"; };
		D6CBD1132C061B3D0038466A /* SwiftTestUITestsLaunchTests.swift */ = {isa = PBXFileReference; lastKnownFileType = sourcecode.swift; path = SwiftTestUITestsLaunchTests.swift; sourceTree = "<group>"; };
		D6DCBB882C358A7F00231CAB /* SuperTabView.swift */ = {isa = PBXFileReference; lastKnownFileType = sourcecode.swift; path = SuperTabView.swift; sourceTree = "<group>"; };
		D6ED95EC2C13414D00210BCF /* MapSelectingView.swift */ = {isa = PBXFileReference; lastKnownFileType = sourcecode.swift; path = MapSelectingView.swift; sourceTree = "<group>"; };
		D6ED95EE2C134A2A00210BCF /* MapViewWithCross.swift */ = {isa = PBXFileReference; lastKnownFileType = sourcecode.swift; path = MapViewWithCross.swift; sourceTree = "<group>"; };
		D6ED95F42C14B4DC00210BCF /* ConfigurationView.swift */ = {isa = PBXFileReference; lastKnownFileType = sourcecode.swift; path = ConfigurationView.swift; sourceTree = "<group>"; };
		D6ED95F82C1533FC00210BCF /* DateTimer.swift */ = {isa = PBXFileReference; lastKnownFileType = sourcecode.swift; path = DateTimer.swift; sourceTree = "<group>"; };
		D6ED95FB2C15446000210BCF /* LocationManager.swift */ = {isa = PBXFileReference; lastKnownFileType = sourcecode.swift; path = LocationManager.swift; sourceTree = "<group>"; };
		D6ED95FD2C1544A400210BCF /* SpeedViewModel.swift */ = {isa = PBXFileReference; lastKnownFileType = sourcecode.swift; path = SpeedViewModel.swift; sourceTree = "<group>"; };
		D6ED96022C1548FA00210BCF /* MapViewModel.swift */ = {isa = PBXFileReference; lastKnownFileType = sourcecode.swift; path = MapViewModel.swift; sourceTree = "<group>"; };
		D6ED96062C15576600210BCF /* RouteViewModel.swift */ = {isa = PBXFileReference; lastKnownFileType = sourcecode.swift; path = RouteViewModel.swift; sourceTree = "<group>"; };
		D6F446702C1EFC9D00A7B06E /* GifUIView.swift */ = {isa = PBXFileReference; lastKnownFileType = sourcecode.swift; path = GifUIView.swift; sourceTree = "<group>"; };
/* End PBXFileReference section */

/* Begin PBXFrameworksBuildPhase section */
		D6CBD0F02C061B3C0038466A /* Frameworks */ = {
			isa = PBXFrameworksBuildPhase;
			buildActionMask = 2147483647;
			files = (
				D6F4466C2C1EF6B300A7B06E /* SwiftyGif in Frameworks */,
			);
			runOnlyForDeploymentPostprocessing = 0;
		};
		D6CBD1002C061B3D0038466A /* Frameworks */ = {
			isa = PBXFrameworksBuildPhase;
			buildActionMask = 2147483647;
			files = (
			);
			runOnlyForDeploymentPostprocessing = 0;
		};
		D6CBD10A2C061B3D0038466A /* Frameworks */ = {
			isa = PBXFrameworksBuildPhase;
			buildActionMask = 2147483647;
			files = (
			);
			runOnlyForDeploymentPostprocessing = 0;
		};
/* End PBXFrameworksBuildPhase section */

/* Begin PBXGroup section */
		B118CD55C5229F925EB8F226 /* Pods */ = {
			isa = PBXGroup;
			children = (
			);
			path = Pods;
			sourceTree = "<group>";
		};
		D68BCAED2C3AA5FF00591CC6 /* ProgressViews */ = {
			isa = PBXGroup;
			children = (
				D68BCAF22C47D10800591CC6 /* runner.gif */,
				D68BCAEE2C3AA61600591CC6 /* ProgressView.swift */,
			);
			path = ProgressViews;
			sourceTree = "<group>";
		};
		D6CBD0EA2C061B3C0038466A = {
			isa = PBXGroup;
			children = (
				D6CBD0F52C061B3C0038466A /* SwiftTest */,
				D6CBD1062C061B3D0038466A /* SwiftTestTests */,
				D6CBD1102C061B3D0038466A /* SwiftTestUITests */,
				D6CBD0F42C061B3C0038466A /* Products */,
				B118CD55C5229F925EB8F226 /* Pods */,
			);
			sourceTree = "<group>";
		};
		D6CBD0F42C061B3C0038466A /* Products */ = {
			isa = PBXGroup;
			children = (
				D6CBD0F32C061B3C0038466A /* SwiftTest.app */,
				D6CBD1032C061B3D0038466A /* SwiftTestTests.xctest */,
				D6CBD10D2C061B3D0038466A /* SwiftTestUITests.xctest */,
			);
			name = Products;
			sourceTree = "<group>";
		};
		D6CBD0F52C061B3C0038466A /* SwiftTest */ = {
			isa = PBXGroup;
			children = (
				D6B525AE2C184F39004943DC /* Info.plist */,
				D6ED95E22C10604100210BCF /* Components */,
				D6CBD0F62C061B3C0038466A /* SwiftTestApp.swift */,
				D6DCBB882C358A7F00231CAB /* SuperTabView.swift */,
				D6CBD0F82C061B3C0038466A /* ContentView.swift */,
				D6CBD0FA2C061B3D0038466A /* Assets.xcassets */,
				D6CBD0FC2C061B3D0038466A /* Preview Content */,
			);
			path = SwiftTest;
			sourceTree = "<group>";
		};
		D6CBD0FC2C061B3D0038466A /* Preview Content */ = {
			isa = PBXGroup;
			children = (
				D6CBD0FD2C061B3D0038466A /* Preview Assets.xcassets */,
			);
			path = "Preview Content";
			sourceTree = "<group>";
		};
		D6CBD1062C061B3D0038466A /* SwiftTestTests */ = {
			isa = PBXGroup;
			children = (
				D6CBD1072C061B3D0038466A /* SwiftTestTests.swift */,
			);
			path = SwiftTestTests;
			sourceTree = "<group>";
		};
		D6CBD1102C061B3D0038466A /* SwiftTestUITests */ = {
			isa = PBXGroup;
			children = (
				D6CBD1112C061B3D0038466A /* SwiftTestUITests.swift */,
				D6CBD1132C061B3D0038466A /* SwiftTestUITestsLaunchTests.swift */,
			);
			path = SwiftTestUITests;
			sourceTree = "<group>";
		};
		D6ED95E22C10604100210BCF /* Components */ = {
			isa = PBXGroup;
			children = (
				D6ED95E92C11F8E800210BCF /* Resources */,
				D6ED95E82C11F8D800210BCF /* Models */,
				D6ED95E72C11F8CC00210BCF /* Views */,
			);
			path = Components;
			sourceTree = "<group>";
		};
		D6ED95E72C11F8CC00210BCF /* Views */ = {
			isa = PBXGroup;
			children = (
				D68BCAED2C3AA5FF00591CC6 /* ProgressViews */,
				D6F4466F2C1EFC7D00A7B06E /* OptionView */,
				D6ED96002C15452900210BCF /* SpeedMeterViews */,
				D6ED95FF2C15451700210BCF /* SettingViews */,
			);
			path = Views;
			sourceTree = "<group>";
		};
		D6ED95E82C11F8D800210BCF /* Models */ = {
			isa = PBXGroup;
			children = (
				D6ED96012C1548E700210BCF /* Setting */,
				D6ED95FA2C15444100210BCF /* SpeedMeter */,
				D6ED96062C15576600210BCF /* RouteViewModel.swift */,
			);
			path = Models;
			sourceTree = "<group>";
		};
		D6ED95E92C11F8E800210BCF /* Resources */ = {
			isa = PBXGroup;
			children = (
			);
			path = Resources;
			sourceTree = "<group>";
		};
		D6ED95FA2C15444100210BCF /* SpeedMeter */ = {
			isa = PBXGroup;
			children = (
				D606519D2C073FFD0009F4E5 /* Triangle.swift */,
				D60651992C073E1A0009F4E5 /* SpeedmeterStyle.swift */,
				D6ED95FB2C15446000210BCF /* LocationManager.swift */,
				D6ED95FD2C1544A400210BCF /* SpeedViewModel.swift */,
			);
			path = SpeedMeter;
			sourceTree = "<group>";
		};
		D6ED95FF2C15451700210BCF /* SettingViews */ = {
			isa = PBXGroup;
			children = (
				D6ED95EC2C13414D00210BCF /* MapSelectingView.swift */,
				D6ED95EE2C134A2A00210BCF /* MapViewWithCross.swift */,
				D6ED95F42C14B4DC00210BCF /* ConfigurationView.swift */,
			);
			path = SettingViews;
			sourceTree = "<group>";
		};
		D6ED96002C15452900210BCF /* SpeedMeterViews */ = {
			isa = PBXGroup;
			children = (
				D606519B2C073E370009F4E5 /* SpeedMeterView.swift */,
			);
			path = SpeedMeterViews;
			sourceTree = "<group>";
		};
		D6ED96012C1548E700210BCF /* Setting */ = {
			isa = PBXGroup;
			children = (
				D6ED96022C1548FA00210BCF /* MapViewModel.swift */,
				D6ED95F82C1533FC00210BCF /* DateTimer.swift */,
			);
			path = Setting;
			sourceTree = "<group>";
		};
		D6F4466F2C1EFC7D00A7B06E /* OptionView */ = {
			isa = PBXGroup;
			children = (
				D68BCB072C4A6B3300591CC6 /* runner (1_1).png */,
				D68BCB052C4A6B3300591CC6 /* runner (1_2).png */,
				D68BCAF52C4A6B3200591CC6 /* runner (1_3).png */,
				D68BCAF82C4A6B3200591CC6 /* runner (1_4).png */,
				D68BCAF72C4A6B3200591CC6 /* runner (1_5).png */,
				D68BCAF62C4A6B3200591CC6 /* runner (1_6).png */,
				D68BCB032C4A6B3300591CC6 /* runner (1_7).png */,
				D68BCAFE2C4A6B3300591CC6 /* runner (1_8).png */,
				D68BCAFD2C4A6B3300591CC6 /* runner (1_9).png */,
				D68BCB042C4A6B3300591CC6 /* runner (1_10).png */,
				D68BCB012C4A6B3300591CC6 /* runner (1_11).png */,
				D68BCAFF2C4A6B3300591CC6 /* runner (1_12).png */,
				D68BCB062C4A6B3300591CC6 /* runner (1_13).png */,
				D68BCB002C4A6B3300591CC6 /* runner (1_14).png */,
				D68BCAF92C4A6B3200591CC6 /* runner (1_15).png */,
				D68BCAFA2C4A6B3200591CC6 /* runner (1_16).png */,
				D68BCAF42C4A6B3200591CC6 /* runner (1_17).png */,
				D68BCAFB2C4A6B3200591CC6 /* runner (1_18).png */,
				D68BCAFC2C4A6B3300591CC6 /* runner (1_19).png */,
				D68BCB022C4A6B3300591CC6 /* runner (1_20).png */,
				D6F446702C1EFC9D00A7B06E /* GifUIView.swift */,
			);
			path = OptionView;
			sourceTree = "<group>";
		};
/* End PBXGroup section */

/* Begin PBXNativeTarget section */
		D6CBD0F22C061B3C0038466A /* SwiftTest */ = {
			isa = PBXNativeTarget;
			buildConfigurationList = D6CBD1172C061B3D0038466A /* Build configuration list for PBXNativeTarget "SwiftTest" */;
			buildPhases = (
				D6CBD0EF2C061B3C0038466A /* Sources */,
				D6CBD0F02C061B3C0038466A /* Frameworks */,
				D6CBD0F12C061B3C0038466A /* Resources */,
			);
			buildRules = (
			);
			dependencies = (
			);
			name = SwiftTest;
			packageProductDependencies = (
				D6F4466B2C1EF6B300A7B06E /* SwiftyGif */,
			);
			productName = SwiftTest;
			productReference = D6CBD0F32C061B3C0038466A /* SwiftTest.app */;
			productType = "com.apple.product-type.application";
		};
		D6CBD1022C061B3D0038466A /* SwiftTestTests */ = {
			isa = PBXNativeTarget;
			buildConfigurationList = D6CBD11A2C061B3D0038466A /* Build configuration list for PBXNativeTarget "SwiftTestTests" */;
			buildPhases = (
				D6CBD0FF2C061B3D0038466A /* Sources */,
				D6CBD1002C061B3D0038466A /* Frameworks */,
				D6CBD1012C061B3D0038466A /* Resources */,
			);
			buildRules = (
			);
			dependencies = (
				D6CBD1052C061B3D0038466A /* PBXTargetDependency */,
			);
			name = SwiftTestTests;
			productName = SwiftTestTests;
			productReference = D6CBD1032C061B3D0038466A /* SwiftTestTests.xctest */;
			productType = "com.apple.product-type.bundle.unit-test";
		};
		D6CBD10C2C061B3D0038466A /* SwiftTestUITests */ = {
			isa = PBXNativeTarget;
			buildConfigurationList = D6CBD11D2C061B3D0038466A /* Build configuration list for PBXNativeTarget "SwiftTestUITests" */;
			buildPhases = (
				D6CBD1092C061B3D0038466A /* Sources */,
				D6CBD10A2C061B3D0038466A /* Frameworks */,
				D6CBD10B2C061B3D0038466A /* Resources */,
			);
			buildRules = (
			);
			dependencies = (
				D6CBD10F2C061B3D0038466A /* PBXTargetDependency */,
			);
			name = SwiftTestUITests;
			productName = SwiftTestUITests;
			productReference = D6CBD10D2C061B3D0038466A /* SwiftTestUITests.xctest */;
			productType = "com.apple.product-type.bundle.ui-testing";
		};
/* End PBXNativeTarget section */

/* Begin PBXProject section */
		D6CBD0EB2C061B3C0038466A /* Project object */ = {
			isa = PBXProject;
			attributes = {
				BuildIndependentTargetsInParallel = 1;
				LastSwiftUpdateCheck = 1540;
				LastUpgradeCheck = 1540;
				TargetAttributes = {
					D6CBD0F22C061B3C0038466A = {
						CreatedOnToolsVersion = 15.4;
					};
					D6CBD1022C061B3D0038466A = {
						CreatedOnToolsVersion = 15.4;
						TestTargetID = D6CBD0F22C061B3C0038466A;
					};
					D6CBD10C2C061B3D0038466A = {
						CreatedOnToolsVersion = 15.4;
						TestTargetID = D6CBD0F22C061B3C0038466A;
					};
				};
			};
			buildConfigurationList = D6CBD0EE2C061B3C0038466A /* Build configuration list for PBXProject "SwiftTest" */;
			compatibilityVersion = "Xcode 14.0";
			developmentRegion = en;
			hasScannedForEncodings = 0;
			knownRegions = (
				en,
				Base,
			);
			mainGroup = D6CBD0EA2C061B3C0038466A;
			packageReferences = (
				D6F4466A2C1EF6B300A7B06E /* XCRemoteSwiftPackageReference "SwiftyGif" */,
			);
			productRefGroup = D6CBD0F42C061B3C0038466A /* Products */;
			projectDirPath = "";
			projectRoot = "";
			targets = (
				D6CBD0F22C061B3C0038466A /* SwiftTest */,
				D6CBD1022C061B3D0038466A /* SwiftTestTests */,
				D6CBD10C2C061B3D0038466A /* SwiftTestUITests */,
			);
		};
/* End PBXProject section */

/* Begin PBXResourcesBuildPhase section */
		D6CBD0F12C061B3C0038466A /* Resources */ = {
			isa = PBXResourcesBuildPhase;
			buildActionMask = 2147483647;
			files = (
				D68BCB182C4A6B3300591CC6 /* runner (1_10).png in Resources */,
				D68BCB0E2C4A6B3300591CC6 /* runner (1_16).png in Resources */,
				D68BCB102C4A6B3300591CC6 /* runner (1_19).png in Resources */,
				D68BCB1A2C4A6B3300591CC6 /* runner (1_13).png in Resources */,
				D68BCB122C4A6B3300591CC6 /* runner (1_8).png in Resources */,
				D6CBD0FE2C061B3D0038466A /* Preview Assets.xcassets in Resources */,
				D68BCB142C4A6B3300591CC6 /* runner (1_14).png in Resources */,
				D68BCB0B2C4A6B3300591CC6 /* runner (1_5).png in Resources */,
				D68BCB192C4A6B3300591CC6 /* runner (1_2).png in Resources */,
				D68BCB112C4A6B3300591CC6 /* runner (1_9).png in Resources */,
				D68BCB0C2C4A6B3300591CC6 /* runner (1_4).png in Resources */,
				D68BCAF32C47D10800591CC6 /* runner.gif in Resources */,
				D68BCB0D2C4A6B3300591CC6 /* runner (1_15).png in Resources */,
				D6CBD0FB2C061B3D0038466A /* Assets.xcassets in Resources */,
				D68BCB132C4A6B3300591CC6 /* runner (1_12).png in Resources */,
				D68BCB172C4A6B3300591CC6 /* runner (1_7).png in Resources */,
				D68BCB082C4A6B3300591CC6 /* runner (1_17).png in Resources */,
				D68BCB1B2C4A6B3300591CC6 /* runner (1_1).png in Resources */,
				D68BCB162C4A6B3300591CC6 /* runner (1_20).png in Resources */,
				D68BCB152C4A6B3300591CC6 /* runner (1_11).png in Resources */,
				D68BCB0F2C4A6B3300591CC6 /* runner (1_18).png in Resources */,
				D68BCB0A2C4A6B3300591CC6 /* runner (1_6).png in Resources */,
				D68BCB092C4A6B3300591CC6 /* runner (1_3).png in Resources */,
			);
			runOnlyForDeploymentPostprocessing = 0;
		};
		D6CBD1012C061B3D0038466A /* Resources */ = {
			isa = PBXResourcesBuildPhase;
			buildActionMask = 2147483647;
			files = (
			);
			runOnlyForDeploymentPostprocessing = 0;
		};
		D6CBD10B2C061B3D0038466A /* Resources */ = {
			isa = PBXResourcesBuildPhase;
			buildActionMask = 2147483647;
			files = (
			);
			runOnlyForDeploymentPostprocessing = 0;
		};
/* End PBXResourcesBuildPhase section */

/* Begin PBXSourcesBuildPhase section */
		D6CBD0EF2C061B3C0038466A /* Sources */ = {
			isa = PBXSourcesBuildPhase;
			buildActionMask = 2147483647;
			files = (
				D6ED95FE2C1544A400210BCF /* SpeedViewModel.swift in Sources */,
				D606519C2C073E370009F4E5 /* SpeedMeterView.swift in Sources */,
				D6ED95F52C14B4DC00210BCF /* ConfigurationView.swift in Sources */,
				D6F446712C1EFC9D00A7B06E /* GifUIView.swift in Sources */,
				D6CBD0F92C061B3C0038466A /* ContentView.swift in Sources */,
				D6DCBB892C358A7F00231CAB /* SuperTabView.swift in Sources */,
				D6ED95ED2C13414D00210BCF /* MapSelectingView.swift in Sources */,
				D606519E2C073FFD0009F4E5 /* Triangle.swift in Sources */,
				D6ED95F92C1533FC00210BCF /* DateTimer.swift in Sources */,
				D6CBD0F72C061B3C0038466A /* SwiftTestApp.swift in Sources */,
				D6ED95FC2C15446000210BCF /* LocationManager.swift in Sources */,
				D6ED95EF2C134A2A00210BCF /* MapViewWithCross.swift in Sources */,
				D606519A2C073E1A0009F4E5 /* SpeedmeterStyle.swift in Sources */,
				D68BCAEF2C3AA61600591CC6 /* ProgressView.swift in Sources */,
				D6ED96072C15576600210BCF /* RouteViewModel.swift in Sources */,
				D6ED96032C1548FA00210BCF /* MapViewModel.swift in Sources */,
			);
			runOnlyForDeploymentPostprocessing = 0;
		};
		D6CBD0FF2C061B3D0038466A /* Sources */ = {
			isa = PBXSourcesBuildPhase;
			buildActionMask = 2147483647;
			files = (
				D6CBD1082C061B3D0038466A /* SwiftTestTests.swift in Sources */,
			);
			runOnlyForDeploymentPostprocessing = 0;
		};
		D6CBD1092C061B3D0038466A /* Sources */ = {
			isa = PBXSourcesBuildPhase;
			buildActionMask = 2147483647;
			files = (
				D6CBD1142C061B3D0038466A /* SwiftTestUITestsLaunchTests.swift in Sources */,
				D6CBD1122C061B3D0038466A /* SwiftTestUITests.swift in Sources */,
			);
			runOnlyForDeploymentPostprocessing = 0;
		};
/* End PBXSourcesBuildPhase section */

/* Begin PBXTargetDependency section */
		D6CBD1052C061B3D0038466A /* PBXTargetDependency */ = {
			isa = PBXTargetDependency;
			target = D6CBD0F22C061B3C0038466A /* SwiftTest */;
			targetProxy = D6CBD1042C061B3D0038466A /* PBXContainerItemProxy */;
		};
		D6CBD10F2C061B3D0038466A /* PBXTargetDependency */ = {
			isa = PBXTargetDependency;
			target = D6CBD0F22C061B3C0038466A /* SwiftTest */;
			targetProxy = D6CBD10E2C061B3D0038466A /* PBXContainerItemProxy */;
		};
/* End PBXTargetDependency section */

/* Begin XCBuildConfiguration section */
		D6CBD1152C061B3D0038466A /* Debug */ = {
			isa = XCBuildConfiguration;
			buildSettings = {
				ALWAYS_SEARCH_USER_PATHS = NO;
				ASSETCATALOG_COMPILER_GENERATE_SWIFT_ASSET_SYMBOL_EXTENSIONS = YES;
				CLANG_ANALYZER_NONNULL = YES;
				CLANG_ANALYZER_NUMBER_OBJECT_CONVERSION = YES_AGGRESSIVE;
				CLANG_CXX_LANGUAGE_STANDARD = "gnu++20";
				CLANG_ENABLE_MODULES = YES;
				CLANG_ENABLE_OBJC_ARC = YES;
				CLANG_ENABLE_OBJC_WEAK = YES;
				CLANG_WARN_BLOCK_CAPTURE_AUTORELEASING = YES;
				CLANG_WARN_BOOL_CONVERSION = YES;
				CLANG_WARN_COMMA = YES;
				CLANG_WARN_CONSTANT_CONVERSION = YES;
				CLANG_WARN_DEPRECATED_OBJC_IMPLEMENTATIONS = YES;
				CLANG_WARN_DIRECT_OBJC_ISA_USAGE = YES_ERROR;
				CLANG_WARN_DOCUMENTATION_COMMENTS = YES;
				CLANG_WARN_EMPTY_BODY = YES;
				CLANG_WARN_ENUM_CONVERSION = YES;
				CLANG_WARN_INFINITE_RECURSION = YES;
				CLANG_WARN_INT_CONVERSION = YES;
				CLANG_WARN_NON_LITERAL_NULL_CONVERSION = YES;
				CLANG_WARN_OBJC_IMPLICIT_RETAIN_SELF = YES;
				CLANG_WARN_OBJC_LITERAL_CONVERSION = YES;
				CLANG_WARN_OBJC_ROOT_CLASS = YES_ERROR;
				CLANG_WARN_QUOTED_INCLUDE_IN_FRAMEWORK_HEADER = YES;
				CLANG_WARN_RANGE_LOOP_ANALYSIS = YES;
				CLANG_WARN_STRICT_PROTOTYPES = YES;
				CLANG_WARN_SUSPICIOUS_MOVE = YES;
				CLANG_WARN_UNGUARDED_AVAILABILITY = YES_AGGRESSIVE;
				CLANG_WARN_UNREACHABLE_CODE = YES;
				CLANG_WARN__DUPLICATE_METHOD_MATCH = YES;
				COPY_PHASE_STRIP = NO;
				DEBUG_INFORMATION_FORMAT = dwarf;
				ENABLE_STRICT_OBJC_MSGSEND = YES;
				ENABLE_TESTABILITY = YES;
				ENABLE_USER_SCRIPT_SANDBOXING = YES;
				GCC_C_LANGUAGE_STANDARD = gnu17;
				GCC_DYNAMIC_NO_PIC = NO;
				GCC_NO_COMMON_BLOCKS = YES;
				GCC_OPTIMIZATION_LEVEL = 0;
				GCC_PREPROCESSOR_DEFINITIONS = (
					"DEBUG=1",
					"$(inherited)",
				);
				GCC_WARN_64_TO_32_BIT_CONVERSION = YES;
				GCC_WARN_ABOUT_RETURN_TYPE = YES_ERROR;
				GCC_WARN_UNDECLARED_SELECTOR = YES;
				GCC_WARN_UNINITIALIZED_AUTOS = YES_AGGRESSIVE;
				GCC_WARN_UNUSED_FUNCTION = YES;
				GCC_WARN_UNUSED_VARIABLE = YES;
				IPHONEOS_DEPLOYMENT_TARGET = 17.5;
				LOCALIZATION_PREFERS_STRING_CATALOGS = YES;
				MTL_ENABLE_DEBUG_INFO = INCLUDE_SOURCE;
				MTL_FAST_MATH = YES;
				ONLY_ACTIVE_ARCH = YES;
				SDKROOT = iphoneos;
				SWIFT_ACTIVE_COMPILATION_CONDITIONS = "DEBUG $(inherited)";
				SWIFT_OPTIMIZATION_LEVEL = "-Onone";
			};
			name = Debug;
		};
		D6CBD1162C061B3D0038466A /* Release */ = {
			isa = XCBuildConfiguration;
			buildSettings = {
				ALWAYS_SEARCH_USER_PATHS = NO;
				ASSETCATALOG_COMPILER_GENERATE_SWIFT_ASSET_SYMBOL_EXTENSIONS = YES;
				CLANG_ANALYZER_NONNULL = YES;
				CLANG_ANALYZER_NUMBER_OBJECT_CONVERSION = YES_AGGRESSIVE;
				CLANG_CXX_LANGUAGE_STANDARD = "gnu++20";
				CLANG_ENABLE_MODULES = YES;
				CLANG_ENABLE_OBJC_ARC = YES;
				CLANG_ENABLE_OBJC_WEAK = YES;
				CLANG_WARN_BLOCK_CAPTURE_AUTORELEASING = YES;
				CLANG_WARN_BOOL_CONVERSION = YES;
				CLANG_WARN_COMMA = YES;
				CLANG_WARN_CONSTANT_CONVERSION = YES;
				CLANG_WARN_DEPRECATED_OBJC_IMPLEMENTATIONS = YES;
				CLANG_WARN_DIRECT_OBJC_ISA_USAGE = YES_ERROR;
				CLANG_WARN_DOCUMENTATION_COMMENTS = YES;
				CLANG_WARN_EMPTY_BODY = YES;
				CLANG_WARN_ENUM_CONVERSION = YES;
				CLANG_WARN_INFINITE_RECURSION = YES;
				CLANG_WARN_INT_CONVERSION = YES;
				CLANG_WARN_NON_LITERAL_NULL_CONVERSION = YES;
				CLANG_WARN_OBJC_IMPLICIT_RETAIN_SELF = YES;
				CLANG_WARN_OBJC_LITERAL_CONVERSION = YES;
				CLANG_WARN_OBJC_ROOT_CLASS = YES_ERROR;
				CLANG_WARN_QUOTED_INCLUDE_IN_FRAMEWORK_HEADER = YES;
				CLANG_WARN_RANGE_LOOP_ANALYSIS = YES;
				CLANG_WARN_STRICT_PROTOTYPES = YES;
				CLANG_WARN_SUSPICIOUS_MOVE = YES;
				CLANG_WARN_UNGUARDED_AVAILABILITY = YES_AGGRESSIVE;
				CLANG_WARN_UNREACHABLE_CODE = YES;
				CLANG_WARN__DUPLICATE_METHOD_MATCH = YES;
				COPY_PHASE_STRIP = NO;
				DEBUG_INFORMATION_FORMAT = "dwarf-with-dsym";
				ENABLE_NS_ASSERTIONS = NO;
				ENABLE_STRICT_OBJC_MSGSEND = YES;
				ENABLE_USER_SCRIPT_SANDBOXING = YES;
				GCC_C_LANGUAGE_STANDARD = gnu17;
				GCC_NO_COMMON_BLOCKS = YES;
				GCC_WARN_64_TO_32_BIT_CONVERSION = YES;
				GCC_WARN_ABOUT_RETURN_TYPE = YES_ERROR;
				GCC_WARN_UNDECLARED_SELECTOR = YES;
				GCC_WARN_UNINITIALIZED_AUTOS = YES_AGGRESSIVE;
				GCC_WARN_UNUSED_FUNCTION = YES;
				GCC_WARN_UNUSED_VARIABLE = YES;
				IPHONEOS_DEPLOYMENT_TARGET = 17.5;
				LOCALIZATION_PREFERS_STRING_CATALOGS = YES;
				MTL_ENABLE_DEBUG_INFO = NO;
				MTL_FAST_MATH = YES;
				SDKROOT = iphoneos;
				SWIFT_COMPILATION_MODE = wholemodule;
				VALIDATE_PRODUCT = YES;
			};
			name = Release;
		};
		D6CBD1182C061B3D0038466A /* Debug */ = {
			isa = XCBuildConfiguration;
			buildSettings = {
				ALWAYS_EMBED_SWIFT_STANDARD_LIBRARIES = YES;
				ASSETCATALOG_COMPILER_APPICON_NAME = AppIcon;
				ASSETCATALOG_COMPILER_GLOBAL_ACCENT_COLOR_NAME = AccentColor;
				CODE_SIGN_STYLE = Automatic;
				CURRENT_PROJECT_VERSION = 1;
				DEFINES_MODULE = YES;
				DEVELOPMENT_ASSET_PATHS = "\"SwiftTest/Preview Content\"";
				DEVELOPMENT_TEAM = D8T9YAZ2K4;
				ENABLE_PREVIEWS = YES;
				GENERATE_INFOPLIST_FILE = YES;
				INFOPLIST_FILE = SwiftTest/Info.plist;
				INFOPLIST_KEY_CFBundleDisplayName = Movon;
				INFOPLIST_KEY_NSLocationAlwaysUsageDescription = "このアプリでは位置情報を利用して、あなたの現在地を表示します。";
				INFOPLIST_KEY_NSLocationWhenInUseUsageDescription = "このアプリでは位置情報を利用して、あなたの現在地を表示します。";
				INFOPLIST_KEY_UIApplicationSceneManifest_Generation = YES;
				INFOPLIST_KEY_UIApplicationSupportsIndirectInputEvents = YES;
				INFOPLIST_KEY_UISupportedInterfaceOrientations_iPad = "UIInterfaceOrientationPortrait UIInterfaceOrientationPortraitUpsideDown UIInterfaceOrientationLandscapeLeft UIInterfaceOrientationLandscapeRight";
				INFOPLIST_KEY_UISupportedInterfaceOrientations_iPhone = "UIInterfaceOrientationPortrait UIInterfaceOrientationLandscapeLeft UIInterfaceOrientationLandscapeRight";
				IPHONEOS_DEPLOYMENT_TARGET = 17.0;
				LD_RUNPATH_SEARCH_PATHS = (
					"$(inherited)",
					"@executable_path/Frameworks",
				);
				MARKETING_VERSION = 1.0;
				ONLY_ACTIVE_ARCH = NO;
				PRODUCT_BUNDLE_IDENTIFIER = com.example.SwiftTest;
				PRODUCT_NAME = "$(TARGET_NAME)";
				SWIFT_EMIT_LOC_STRINGS = YES;
				SWIFT_VERSION = 5.0;
				TARGETED_DEVICE_FAMILY = "1,2";
			};
			name = Debug;
		};
		D6CBD1192C061B3D0038466A /* Release */ = {
			isa = XCBuildConfiguration;
			buildSettings = {
				ALWAYS_EMBED_SWIFT_STANDARD_LIBRARIES = YES;
				ASSETCATALOG_COMPILER_APPICON_NAME = AppIcon;
				ASSETCATALOG_COMPILER_GLOBAL_ACCENT_COLOR_NAME = AccentColor;
				CODE_SIGN_STYLE = Automatic;
				CURRENT_PROJECT_VERSION = 1;
				DEFINES_MODULE = YES;
				DEVELOPMENT_ASSET_PATHS = "\"SwiftTest/Preview Content\"";
				DEVELOPMENT_TEAM = D8T9YAZ2K4;
				ENABLE_PREVIEWS = YES;
				GENERATE_INFOPLIST_FILE = YES;
				INFOPLIST_FILE = SwiftTest/Info.plist;
				INFOPLIST_KEY_CFBundleDisplayName = Movon;
				INFOPLIST_KEY_NSLocationAlwaysUsageDescription = "このアプリでは位置情報を利用して、あなたの現在地を表示します。";
				INFOPLIST_KEY_NSLocationWhenInUseUsageDescription = "このアプリでは位置情報を利用して、あなたの現在地を表示します。";
				INFOPLIST_KEY_UIApplicationSceneManifest_Generation = YES;
				INFOPLIST_KEY_UIApplicationSupportsIndirectInputEvents = YES;
				INFOPLIST_KEY_UISupportedInterfaceOrientations_iPad = "UIInterfaceOrientationPortrait UIInterfaceOrientationPortraitUpsideDown UIInterfaceOrientationLandscapeLeft UIInterfaceOrientationLandscapeRight";
				INFOPLIST_KEY_UISupportedInterfaceOrientations_iPhone = "UIInterfaceOrientationPortrait UIInterfaceOrientationLandscapeLeft UIInterfaceOrientationLandscapeRight";
				IPHONEOS_DEPLOYMENT_TARGET = 17.0;
				LD_RUNPATH_SEARCH_PATHS = (
					"$(inherited)",
					"@executable_path/Frameworks",
				);
				MARKETING_VERSION = 1.0;
				PRODUCT_BUNDLE_IDENTIFIER = com.example.SwiftTest;
				PRODUCT_NAME = "$(TARGET_NAME)";
				SWIFT_EMIT_LOC_STRINGS = YES;
				SWIFT_VERSION = 5.0;
				TARGETED_DEVICE_FAMILY = "1,2";
			};
			name = Release;
		};
		D6CBD11B2C061B3D0038466A /* Debug */ = {
			isa = XCBuildConfiguration;
			buildSettings = {
				ALWAYS_EMBED_SWIFT_STANDARD_LIBRARIES = YES;
				BUNDLE_LOADER = "$(TEST_HOST)";
				CODE_SIGN_STYLE = Automatic;
				CURRENT_PROJECT_VERSION = 1;
				DEFINES_MODULE = YES;
				DEVELOPMENT_TEAM = X84RPN4984;
				GENERATE_INFOPLIST_FILE = YES;
				IPHONEOS_DEPLOYMENT_TARGET = 17.5;
				MARKETING_VERSION = 1.0;
				ONLY_ACTIVE_ARCH = NO;
				PRODUCT_BUNDLE_IDENTIFIER = com.example.SwiftTestTests;
				PRODUCT_NAME = "$(TARGET_NAME)";
				SWIFT_EMIT_LOC_STRINGS = NO;
				SWIFT_VERSION = 5.0;
				TARGETED_DEVICE_FAMILY = "1,2";
				TEST_HOST = "$(BUILT_PRODUCTS_DIR)/SwiftTest.app/$(BUNDLE_EXECUTABLE_FOLDER_PATH)/SwiftTest";
			};
			name = Debug;
		};
		D6CBD11C2C061B3D0038466A /* Release */ = {
			isa = XCBuildConfiguration;
			buildSettings = {
				ALWAYS_EMBED_SWIFT_STANDARD_LIBRARIES = YES;
				BUNDLE_LOADER = "$(TEST_HOST)";
				CODE_SIGN_STYLE = Automatic;
				CURRENT_PROJECT_VERSION = 1;
				DEFINES_MODULE = YES;
				DEVELOPMENT_TEAM = X84RPN4984;
				GENERATE_INFOPLIST_FILE = YES;
				IPHONEOS_DEPLOYMENT_TARGET = 17.5;
				MARKETING_VERSION = 1.0;
				PRODUCT_BUNDLE_IDENTIFIER = com.example.SwiftTestTests;
				PRODUCT_NAME = "$(TARGET_NAME)";
				SWIFT_EMIT_LOC_STRINGS = NO;
				SWIFT_VERSION = 5.0;
				TARGETED_DEVICE_FAMILY = "1,2";
				TEST_HOST = "$(BUILT_PRODUCTS_DIR)/SwiftTest.app/$(BUNDLE_EXECUTABLE_FOLDER_PATH)/SwiftTest";
			};
			name = Release;
		};
		D6CBD11E2C061B3D0038466A /* Debug */ = {
			isa = XCBuildConfiguration;
			buildSettings = {
				ALWAYS_EMBED_SWIFT_STANDARD_LIBRARIES = YES;
				CODE_SIGN_STYLE = Automatic;
				CURRENT_PROJECT_VERSION = 1;
				DEFINES_MODULE = YES;
				DEVELOPMENT_TEAM = X84RPN4984;
				GENERATE_INFOPLIST_FILE = YES;
				MARKETING_VERSION = 1.0;
				ONLY_ACTIVE_ARCH = NO;
				PRODUCT_BUNDLE_IDENTIFIER = com.example.SwiftTestUITests;
				PRODUCT_NAME = "$(TARGET_NAME)";
				SWIFT_EMIT_LOC_STRINGS = NO;
				SWIFT_VERSION = 5.0;
				TARGETED_DEVICE_FAMILY = "1,2";
				TEST_TARGET_NAME = SwiftTest;
			};
			name = Debug;
		};
		D6CBD11F2C061B3D0038466A /* Release */ = {
			isa = XCBuildConfiguration;
			buildSettings = {
				ALWAYS_EMBED_SWIFT_STANDARD_LIBRARIES = YES;
				CODE_SIGN_STYLE = Automatic;
				CURRENT_PROJECT_VERSION = 1;
				DEFINES_MODULE = YES;
				DEVELOPMENT_TEAM = X84RPN4984;
				GENERATE_INFOPLIST_FILE = YES;
				MARKETING_VERSION = 1.0;
				PRODUCT_BUNDLE_IDENTIFIER = com.example.SwiftTestUITests;
				PRODUCT_NAME = "$(TARGET_NAME)";
				SWIFT_EMIT_LOC_STRINGS = NO;
				SWIFT_VERSION = 5.0;
				TARGETED_DEVICE_FAMILY = "1,2";
				TEST_TARGET_NAME = SwiftTest;
			};
			name = Release;
		};
/* End XCBuildConfiguration section */

/* Begin XCConfigurationList section */
		D6CBD0EE2C061B3C0038466A /* Build configuration list for PBXProject "SwiftTest" */ = {
			isa = XCConfigurationList;
			buildConfigurations = (
				D6CBD1152C061B3D0038466A /* Debug */,
				D6CBD1162C061B3D0038466A /* Release */,
			);
			defaultConfigurationIsVisible = 0;
			defaultConfigurationName = Release;
		};
		D6CBD1172C061B3D0038466A /* Build configuration list for PBXNativeTarget "SwiftTest" */ = {
			isa = XCConfigurationList;
			buildConfigurations = (
				D6CBD1182C061B3D0038466A /* Debug */,
				D6CBD1192C061B3D0038466A /* Release */,
			);
			defaultConfigurationIsVisible = 0;
			defaultConfigurationName = Release;
		};
		D6CBD11A2C061B3D0038466A /* Build configuration list for PBXNativeTarget "SwiftTestTests" */ = {
			isa = XCConfigurationList;
			buildConfigurations = (
				D6CBD11B2C061B3D0038466A /* Debug */,
				D6CBD11C2C061B3D0038466A /* Release */,
			);
			defaultConfigurationIsVisible = 0;
			defaultConfigurationName = Release;
		};
		D6CBD11D2C061B3D0038466A /* Build configuration list for PBXNativeTarget "SwiftTestUITests" */ = {
			isa = XCConfigurationList;
			buildConfigurations = (
				D6CBD11E2C061B3D0038466A /* Debug */,
				D6CBD11F2C061B3D0038466A /* Release */,
			);
			defaultConfigurationIsVisible = 0;
			defaultConfigurationName = Release;
		};
/* End XCConfigurationList section */

/* Begin XCRemoteSwiftPackageReference section */
		D6F4466A2C1EF6B300A7B06E /* XCRemoteSwiftPackageReference "SwiftyGif" */ = {
			isa = XCRemoteSwiftPackageReference;
			repositoryURL = "https://github.com/kirualex/SwiftyGif.git";
			requirement = {
				kind = upToNextMajorVersion;
				minimumVersion = 5.4.5;
			};
		};
/* End XCRemoteSwiftPackageReference section */

/* Begin XCSwiftPackageProductDependency section */
		D6F4466B2C1EF6B300A7B06E /* SwiftyGif */ = {
			isa = XCSwiftPackageProductDependency;
			package = D6F4466A2C1EF6B300A7B06E /* XCRemoteSwiftPackageReference "SwiftyGif" */;
			productName = SwiftyGif;
		};
/* End XCSwiftPackageProductDependency section */
	};
	rootObject = D6CBD0EB2C061B3C0038466A /* Project object */;
}
